
Microsoft Visual Studio Solution File, Format Version 12.00
# Visual Studio 15
VisualStudioVersion = 15.0.26730.3
MinimumVisualStudioVersion = 10.0.40219.1
Project("{9A19103F-16F7-4668-BE54-9A1E7A4F7556}") = "DonutStore.Data", "DonutStore.Data\DonutStore.Data.csproj", "{18BCDEC9-BDB9-4FAA-A9AC-3D81419E8EDD}"
EndProject
Project("{9A19103F-16F7-4668-BE54-9A1E7A4F7556}") = "DonutStore.Web", "DonutStore.Web\DonutStore.Web.csproj", "{EFB679A6-5906-4D71-9BCA-718F3C05B97F}"
EndProject
Project("{FAE04EC0-301F-11D3-BF4B-00C04F79EFBC}") = "DonutStore1.Web", "DonutStore1.Web\DonutStore1.Web.csproj", "{5D56809E-52BD-4C09-B8EE-A6E2D50B04D0}"
EndProject
Global
	GlobalSection(SolutionConfigurationPlatforms) = preSolution
		Debug|Any CPU = Debug|Any CPU
		Release|Any CPU = Release|Any CPU
	EndGlobalSection
	GlobalSection(ProjectConfigurationPlatforms) = postSolution
		{18BCDEC9-BDB9-4FAA-A9AC-3D81419E8EDD}.Debug|Any CPU.ActiveCfg = Debug|Any CPU
		{18BCDEC9-BDB9-4FAA-A9AC-3D81419E8EDD}.Debug|Any CPU.Build.0 = Debug|Any CPU
		{18BCDEC9-BDB9-4FAA-A9AC-3D81419E8EDD}.Release|Any CPU.ActiveCfg = Release|Any CPU
		{18BCDEC9-BDB9-4FAA-A9AC-3D81419E8EDD}.Release|Any CPU.Build.0 = Release|Any CPU
		{EFB679A6-5906-4D71-9BCA-718F3C05B97F}.Debug|Any CPU.ActiveCfg = Debug|Any CPU
		{EFB679A6-5906-4D71-9BCA-718F3C05B97F}.Debug|Any CPU.Build.0 = Debug|Any CPU
		{EFB679A6-5906-4D71-9BCA-718F3C05B97F}.Release|Any CPU.ActiveCfg = Release|Any CPU
		{EFB679A6-5906-4D71-9BCA-718F3C05B97F}.Release|Any CPU.Build.0 = Release|Any CPU
		{5D56809E-52BD-4C09-B8EE-A6E2D50B04D0}.Debug|Any CPU.ActiveCfg = Debug|Any CPU
		{5D56809E-52BD-4C09-B8EE-A6E2D50B04D0}.Debug|Any CPU.Build.0 = Debug|Any CPU
		{5D56809E-52BD-4C09-B8EE-A6E2D50B04D0}.Release|Any CPU.ActiveCfg = Release|Any CPU
		{5D56809E-52BD-4C09-B8EE-A6E2D50B04D0}.Release|Any CPU.Build.0 = Release|Any CPU
	EndGlobalSection
	GlobalSection(SolutionProperties) = preSolution
		HideSolutionNode = FALSE
	EndGlobalSection
	GlobalSection(ExtensibilityGlobals) = postSolution
		SolutionGuid = {8F6655CC-9AF2-46CD-8D56-763C57AABB22}
	EndGlobalSection
EndGlobal
